{
	"name": "vscode-alt-underscore",
	"version": "0.0.1",
	"lockfileVersion": 3,
	"requires": true,
	"packages": {
		"": {
			"name": "vscode-alt-underscore",
			"version": "0.0.1",
			"license": "MIT",
			"devDependencies": {
				"@types/node": "^18.11.18",
				"@types/vscode": "1.73.0",
				"typescript": "4.9.4"
			},
			"engines": {
				"vscode": "^1.73.0"
			}
		},
		"node_modules/@types/node": {
			"version": "18.17.12",
			"resolved": "https://registry.npmjs.org/@types/node/-/node-18.17.12.tgz",
			"integrity": "sha512-d6xjC9fJ/nSnfDeU0AMDsaJyb1iHsqCSOdi84w4u+SlN/UgQdY5tRhpMzaFYsI4mnpvgTivEaQd0yOUhAtOnEQ==",
			"dev": true
		},
		"node_modules/@types/vscode": {
			"version": "1.73.0",
			"resolved": "https://registry.npmjs.org/@types/vscode/-/vscode-1.73.0.tgz",
			"integrity": "sha512-FhkfF7V3fj7S3WqXu7AxFesBLO3uMkdCPJJPbwyZXezv2xJ6xBWHYM2CmkkbO8wT9Fr3KipwxGGOoQRrYq7mHg==",
			"dev": true
		},
		"node_modules/typescript": {
			"version": "4.9.4",
			"resolved": "https://registry.npmjs.org/typescript/-/typescript-4.9.4.tgz",
			"integrity": "sha512-Uz+dTXYzxXXbsFpM86Wh3dKCxrQqUcVMxwU54orwlJjOpO3ao8L7j5lH+dWfTwgCwIuM9GQ2kvVotzYJMXTBZg==",
			"dev": true,
			"bin": {
				"tsc": "bin/tsc",
				"tsserver": "bin/tsserver"
			},
			"engines": {
				"node": ">=4.2.0"
			}
		}
	}
}
